{
    "_readme": [
        "This file locks the dependencies of your project to a known state",
        "Read more about it at https://getcomposer.org/doc/01-basic-usage.md#composer-lock-the-lock-file",
        "This file is @generated automatically"
    ],
    "content-hash": "6dd05c9e82052b3d4dbc2d4666da0e52",
    "packages": [
        {
            "name": "limboniatech/limbonia-loader",
            "version": "1.0.2",
            "source": {
                "type": "git",
                "url": "https://github.com/limboniatech/limbonia-loader.git",
                "reference": "fd2128d4b95257eaf074997be18150dae3dac084"
            },
            "dist": {
                "type": "zip",
                "url": "https://api.github.com/repos/limboniatech/limbonia-loader/zipball/fd2128d4b95257eaf074997be18150dae3dac084",
                "reference": "fd2128d4b95257eaf074997be18150dae3dac084",
                "shasum": ""
            },
            "require": {
                "php": "^7.2"
            },
            "type": "library",
            "autoload": {
                "psr-4": {
                    "Limbonia\\": "lib/"
                }
            },
            "notification-url": "https://packagist.org/downloads/",
            "license": [
                "BSD-3-Clause"
            ],
            "authors": [
                {
                    "name": "Lonnie Blansett",
                    "email": "lonnie@limbonia.tech"
                }
            ],
            "description": "This is the Limbonia Loader",
            "time": "2019-10-30T15:25:46+00:00"
        }
    ],
    "packages-dev": [],
    "aliases": [],
    "minimum-stability": "stable",
    "stability-flags": [],
    "prefer-stable": false,
    "prefer-lowest": false,
    "platform": {
        "php": "^7.2"
    },
    "platform-dev": []
}
